
Microsoft Visual Studio Solution File, Format Version 11.00
# Visual Studio 2010
Project("{FAE04EC0-301F-11D3-BF4B-00C04F79EFBC}") = "Assembly-CSharp", "Assembly-CSharp.csproj", "{21381a81-785c-e1bd-3da9-ac88ee716007}"
EndProject
Project("{FAE04EC0-301F-11D3-BF4B-00C04F79EFBC}") = "Assembly-CSharp-Editor", "Assembly-CSharp-Editor.csproj", "{2f1d49f1-0314-7106-887a-301ef888fd71}"
EndProject
Global
	GlobalSection(SolutionConfigurationPlatforms) = preSolution
		Debug|Any CPU = Debug|Any CPU
	EndGlobalSection
	GlobalSection(ProjectConfigurationPlatforms) = postSolution
		{21381a81-785c-e1bd-3da9-ac88ee716007}.Debug|Any CPU.ActiveCfg = Debug|Any CPU
		{21381a81-785c-e1bd-3da9-ac88ee716007}.Debug|Any CPU.Build.0 = Debug|Any CPU
		{2f1d49f1-0314-7106-887a-301ef888fd71}.Debug|Any CPU.ActiveCfg = Debug|Any CPU
		{2f1d49f1-0314-7106-887a-301ef888fd71}.Debug|Any CPU.Build.0 = Debug|Any CPU
	EndGlobalSection
	GlobalSection(SolutionProperties) = preSolution
		HideSolutionNode = FALSE
	EndGlobalSection
EndGlobal
